
Microsoft Visual Studio Solution File, Format Version 12.00
# Visual Studio Version 17
VisualStudioVersion = 17.0.31903.59
MinimumVisualStudioVersion = 10.0.40219.1
Project("{FAE04EC0-301F-11D3-BF4B-00C04F79EFBC}") = "tdd-desafio", "Projeto\tdd-desafio.csproj", "{0BBF7B66-35BF-4309-ADA9-FA1F2F588245}"
EndProject
Project("{FAE04EC0-301F-11D3-BF4B-00C04F79EFBC}") = "Projeto.Tests", "Projeto.Tests\Projeto.Tests.csproj", "{288CAF35-07FE-4BD5-B346-D58605FA891C}"
EndProject
Global
	GlobalSection(SolutionConfigurationPlatforms) = preSolution
		Debug|Any CPU = Debug|Any CPU
		Release|Any CPU = Release|Any CPU
	EndGlobalSection
	GlobalSection(SolutionProperties) = preSolution
		HideSolutionNode = FALSE
	EndGlobalSection
	GlobalSection(ProjectConfigurationPlatforms) = postSolution
		{0BBF7B66-35BF-4309-ADA9-FA1F2F588245}.Debug|Any CPU.ActiveCfg = Debug|Any CPU
		{0BBF7B66-35BF-4309-ADA9-FA1F2F588245}.Debug|Any CPU.Build.0 = Debug|Any CPU
		{0BBF7B66-35BF-4309-ADA9-FA1F2F588245}.Release|Any CPU.ActiveCfg = Release|Any CPU
		{0BBF7B66-35BF-4309-ADA9-FA1F2F588245}.Release|Any CPU.Build.0 = Release|Any CPU
		{288CAF35-07FE-4BD5-B346-D58605FA891C}.Debug|Any CPU.ActiveCfg = Debug|Any CPU
		{288CAF35-07FE-4BD5-B346-D58605FA891C}.Debug|Any CPU.Build.0 = Debug|Any CPU
		{288CAF35-07FE-4BD5-B346-D58605FA891C}.Release|Any CPU.ActiveCfg = Release|Any CPU
		{288CAF35-07FE-4BD5-B346-D58605FA891C}.Release|Any CPU.Build.0 = Release|Any CPU
	EndGlobalSection
EndGlobal
